{
  "name": "relay-agent-skills",
  "version": "0.2.1",
  "lockfileVersion": 3,
  "requires": true,
  "packages": {
    "": {
      "name": "relay-agent-skills",
      "version": "0.2.1",
      "license": "MIT",
      "bin": {
        "relay-agent-skills": "bin/relay-agent-skills.mjs"
      },
      "engines": {
        "node": ">=20"
      }
    }
  }
}
